
Microsoft Visual Studio Solution File, Format Version 12.00
Project("{FAE04EC0-301F-11D3-BF4B-00C04F79EFBC}") = "Interesting.Mediator", "Interesting.Mediator\Interesting.Mediator.csproj", "{47499EF1-AFED-43AF-9BFB-C169172F020D}"
EndProject
Project("{2150E333-8FDC-42A3-9474-1A3956D46DE8}") = "API", "API", "{18DFC49E-2BDA-4D0C-8130-B2B95D75D8C5}"
EndProject
Project("{2150E333-8FDC-42A3-9474-1A3956D46DE8}") = "Core", "Core", "{9A41355B-252E-4FFE-8C6B-7C9C58AA30B2}"
EndProject
Project("{2150E333-8FDC-42A3-9474-1A3956D46DE8}") = "Application", "Application", "{F8AD7892-D74F-45E5-8BFE-5625D9281152}"
EndProject
Project("{2150E333-8FDC-42A3-9474-1A3956D46DE8}") = "Domain", "Domain", "{14A2E1E7-8A72-4C38-934E-2539D343714A}"
EndProject
Project("{2150E333-8FDC-42A3-9474-1A3956D46DE8}") = "Infrastructure", "Infrastructure", "{6CFE0629-C700-4877-9023-FE1A70B474C4}"
EndProject
Project("{FAE04EC0-301F-11D3-BF4B-00C04F79EFBC}") = "Coles.Customers.Application", "Coles.Customers.Application\Coles.Customers.Application.csproj", "{D5E813AF-A990-42B7-9EF5-35E927DC7321}"
EndProject
Project("{FAE04EC0-301F-11D3-BF4B-00C04F79EFBC}") = "Coles.Customers.Domain", "Coles.Customers.Domain\Coles.Customers.Domain.csproj", "{5440335C-6E9E-41F1-B772-38FFD6FF8DF7}"
EndProject
Project("{FAE04EC0-301F-11D3-BF4B-00C04F79EFBC}") = "Coles.Customers.Infrastructure.Http", "Coles.Customers.Infrastructure.Http\Coles.Customers.Infrastructure.Http.csproj", "{E84EF45C-B4E5-404E-91AC-3AD0C2CB5249}"
EndProject
Project("{FAE04EC0-301F-11D3-BF4B-00C04F79EFBC}") = "Coles.Customers.Infrastructure.DataAccess", "Coles.Customers.Infrastructure.DataAccess\Coles.Customers.Infrastructure.DataAccess.csproj", "{8C459808-FE03-495E-B369-3C3F0B2EA427}"
EndProject
Global
	GlobalSection(SolutionConfigurationPlatforms) = preSolution
		Debug|Any CPU = Debug|Any CPU
		Release|Any CPU = Release|Any CPU
	EndGlobalSection
	GlobalSection(ProjectConfigurationPlatforms) = postSolution
		{47499EF1-AFED-43AF-9BFB-C169172F020D}.Debug|Any CPU.ActiveCfg = Debug|Any CPU
		{47499EF1-AFED-43AF-9BFB-C169172F020D}.Debug|Any CPU.Build.0 = Debug|Any CPU
		{47499EF1-AFED-43AF-9BFB-C169172F020D}.Release|Any CPU.ActiveCfg = Release|Any CPU
		{47499EF1-AFED-43AF-9BFB-C169172F020D}.Release|Any CPU.Build.0 = Release|Any CPU
		{D5E813AF-A990-42B7-9EF5-35E927DC7321}.Debug|Any CPU.ActiveCfg = Debug|Any CPU
		{D5E813AF-A990-42B7-9EF5-35E927DC7321}.Debug|Any CPU.Build.0 = Debug|Any CPU
		{D5E813AF-A990-42B7-9EF5-35E927DC7321}.Release|Any CPU.ActiveCfg = Release|Any CPU
		{D5E813AF-A990-42B7-9EF5-35E927DC7321}.Release|Any CPU.Build.0 = Release|Any CPU
		{5440335C-6E9E-41F1-B772-38FFD6FF8DF7}.Debug|Any CPU.ActiveCfg = Debug|Any CPU
		{5440335C-6E9E-41F1-B772-38FFD6FF8DF7}.Debug|Any CPU.Build.0 = Debug|Any CPU
		{5440335C-6E9E-41F1-B772-38FFD6FF8DF7}.Release|Any CPU.ActiveCfg = Release|Any CPU
		{5440335C-6E9E-41F1-B772-38FFD6FF8DF7}.Release|Any CPU.Build.0 = Release|Any CPU
		{E84EF45C-B4E5-404E-91AC-3AD0C2CB5249}.Debug|Any CPU.ActiveCfg = Debug|Any CPU
		{E84EF45C-B4E5-404E-91AC-3AD0C2CB5249}.Debug|Any CPU.Build.0 = Debug|Any CPU
		{E84EF45C-B4E5-404E-91AC-3AD0C2CB5249}.Release|Any CPU.ActiveCfg = Release|Any CPU
		{E84EF45C-B4E5-404E-91AC-3AD0C2CB5249}.Release|Any CPU.Build.0 = Release|Any CPU
		{8C459808-FE03-495E-B369-3C3F0B2EA427}.Debug|Any CPU.ActiveCfg = Debug|Any CPU
		{8C459808-FE03-495E-B369-3C3F0B2EA427}.Debug|Any CPU.Build.0 = Debug|Any CPU
		{8C459808-FE03-495E-B369-3C3F0B2EA427}.Release|Any CPU.ActiveCfg = Release|Any CPU
		{8C459808-FE03-495E-B369-3C3F0B2EA427}.Release|Any CPU.Build.0 = Release|Any CPU
	EndGlobalSection
	GlobalSection(NestedProjects) = preSolution
		{F8AD7892-D74F-45E5-8BFE-5625D9281152} = {9A41355B-252E-4FFE-8C6B-7C9C58AA30B2}
		{14A2E1E7-8A72-4C38-934E-2539D343714A} = {9A41355B-252E-4FFE-8C6B-7C9C58AA30B2}
		{47499EF1-AFED-43AF-9BFB-C169172F020D} = {18DFC49E-2BDA-4D0C-8130-B2B95D75D8C5}
		{D5E813AF-A990-42B7-9EF5-35E927DC7321} = {F8AD7892-D74F-45E5-8BFE-5625D9281152}
		{5440335C-6E9E-41F1-B772-38FFD6FF8DF7} = {14A2E1E7-8A72-4C38-934E-2539D343714A}
		{E84EF45C-B4E5-404E-91AC-3AD0C2CB5249} = {6CFE0629-C700-4877-9023-FE1A70B474C4}
		{8C459808-FE03-495E-B369-3C3F0B2EA427} = {6CFE0629-C700-4877-9023-FE1A70B474C4}
	EndGlobalSection
EndGlobal
